
Microsoft Visual Studio Solution File, Format Version 12.00
# Visual Studio Version 16
VisualStudioVersion = 16.0.29905.134
MinimumVisualStudioVersion = 10.0.40219.1
Project("{FAE04EC0-301F-11D3-BF4B-00C04F79EFBC}") = "Digital Media Store", "Digital Media Store\Digital Media Store.csproj", "{9ABD6449-EDD7-4858-BE7F-4BA3B4A08F33}"
EndProject
Project("{FAE04EC0-301F-11D3-BF4B-00C04F79EFBC}") = "ClassLibrary", "ClassLibrary\ClassLibrary.csproj", "{43EF6E03-058D-45D7-BAAA-1765D43FAF38}"
EndProject
Global
	GlobalSection(SolutionConfigurationPlatforms) = preSolution
		Debug|Any CPU = Debug|Any CPU
		Release|Any CPU = Release|Any CPU
	EndGlobalSection
	GlobalSection(ProjectConfigurationPlatforms) = postSolution
		{9ABD6449-EDD7-4858-BE7F-4BA3B4A08F33}.Debug|Any CPU.ActiveCfg = Debug|Any CPU
		{9ABD6449-EDD7-4858-BE7F-4BA3B4A08F33}.Debug|Any CPU.Build.0 = Debug|Any CPU
		{9ABD6449-EDD7-4858-BE7F-4BA3B4A08F33}.Release|Any CPU.ActiveCfg = Release|Any CPU
		{9ABD6449-EDD7-4858-BE7F-4BA3B4A08F33}.Release|Any CPU.Build.0 = Release|Any CPU
		{43EF6E03-058D-45D7-BAAA-1765D43FAF38}.Debug|Any CPU.ActiveCfg = Debug|Any CPU
		{43EF6E03-058D-45D7-BAAA-1765D43FAF38}.Debug|Any CPU.Build.0 = Debug|Any CPU
		{43EF6E03-058D-45D7-BAAA-1765D43FAF38}.Release|Any CPU.ActiveCfg = Release|Any CPU
		{43EF6E03-058D-45D7-BAAA-1765D43FAF38}.Release|Any CPU.Build.0 = Release|Any CPU
	EndGlobalSection
	GlobalSection(SolutionProperties) = preSolution
		HideSolutionNode = FALSE
	EndGlobalSection
	GlobalSection(ExtensibilityGlobals) = postSolution
		SolutionGuid = {ADDBAE44-B1E0-4D9C-A9EB-4F7DCAFF00EA}
	EndGlobalSection
EndGlobal
